// !$*UTF8*$!
{
	archiveVersion = 1;
	classes = {
	};
	objectVersion = 46;
	objects = {

/* Begin PBXBuildFile section */
		6FBD84991901A35400DEA253 /* Foundation.framework in Frameworks */ = {isa = PBXBuildFile; fileRef = 6FBD84981901A35400DEA253 /* Foundation.framework */; };
		6FBD849B1901A35400DEA253 /* CoreGraphics.framework in Frameworks */ = {isa = PBXBuildFile; fileRef = 6FBD849A1901A35400DEA253 /* CoreGraphics.framework */; };
		6FBD849D1901A35400DEA253 /* UIKit.framework in Frameworks */ = {isa = PBXBuildFile; fileRef = 6FBD849C1901A35400DEA253 /* UIKit.framework */; };
		6FBD84A31901A35400DEA253 /* InfoPlist.strings in Resources */ = {isa = PBXBuildFile; fileRef = 6FBD84A11901A35400DEA253 /* InfoPlist.strings */; };
		6FBD84A51901A35400DEA253 /* main.m in Sources */ = {isa = PBXBuildFile; fileRef = 6FBD84A41901A35400DEA253 /* main.m */; };
		6FBD84A91901A35400DEA253 /* AppDelegate.m in Sources */ = {isa = PBXBuildFile; fileRef = 6FBD84A81901A35400DEA253 /* AppDelegate.m */; };
		6FBD84AC1901A35400DEA253 /* Main.storyboard in Resources */ = {isa = PBXBuildFile; fileRef = 6FBD84AA1901A35400DEA253 /* Main.storyboard */; };
		6FBD84AF1901A35400DEA253 /* ViewController.m in Sources */ = {isa = PBXBuildFile; fileRef = 6FBD84AE1901A35400DEA253 /* ViewController.m */; };
		6FBD84B11901A35400DEA253 /* Images.xcassets in Resources */ = {isa = PBXBuildFile; fileRef = 6FBD84B01901A35400DEA253 /* Images.xcassets */; };
		6FBD84B81901A35400DEA253 /* XCTest.framework in Frameworks */ = {isa = PBXBuildFile; fileRef = 6FBD84B71901A35400DEA253 /* XCTest.framework */; };
		6FBD84B91901A35400DEA253 /* Foundation.framework in Frameworks */ = {isa = PBXBuildFile; fileRef = 6FBD84981901A35400DEA253 /* Foundation.framework */; };
		6FBD84BA1901A35400DEA253 /* UIKit.framework in Frameworks */ = {isa = PBXBuildFile; fileRef = 6FBD849C1901A35400DEA253 /* UIKit.framework */; };
		6FBD84C21901A35400DEA253 /* InfoPlist.strings in Resources */ = {isa = PBXBuildFile; fileRef = 6FBD84C01901A35400DEA253 /* InfoPlist.strings */; };
		6FBD84C41901A35400DEA253 /* MapSampleTests.m in Sources */ = {isa = PBXBuildFile; fileRef = 6FBD84C31901A35400DEA253 /* MapSampleTests.m */; };
		6FBD84D61901B08100DEA253 /* MapKit.framework in Frameworks */ = {isa = PBXBuildFile; fileRef = 6FBD84D51901B08100DEA253 /* MapKit.framework */; };
		6FBD84D91901E89C00DEA253 /* ResultsTableViewController.m in Sources */ = {isa = PBXBuildFile; fileRef = 6FBD84D81901E89C00DEA253 /* ResultsTableViewController.m */; };
		6FBD84DC1901E8D500DEA253 /* ResultsTableCell.m in Sources */ = {isa = PBXBuildFile; fileRef = 6FBD84DB1901E8D500DEA253 /* ResultsTableCell.m */; };
		6FBD84DF1901EF1600DEA253 /* RouteViewController.m in Sources */ = {isa = PBXBuildFile; fileRef = 6FBD84DE1901EF1600DEA253 /* RouteViewController.m */; };
/* End PBXBuildFile section */

/* Begin PBXContainerItemProxy section */
		6FBD84BB1901A35400DEA253 /* PBXContainerItemProxy */ = {
			isa = PBXContainerItemProxy;
			containerPortal = 6FBD848D1901A35400DEA253 /* Project object */;
			proxyType = 1;
			remoteGlobalIDString = 6FBD84941901A35400DEA253;
			remoteInfo = MapSample;
		};
/* End PBXContainerItemProxy section */

/* Begin PBXFileReference section */
		6FBD84951901A35400DEA253 /* MapSample.app */ = {isa = PBXFileReference; explicitFileType = wrapper.application; includeInIndex = 0; path = MapSample.app; sourceTree = BUILT_PRODUCTS_DIR; };
		6FBD84981901A35400DEA253 /* Foundation.framework */ = {isa = PBXFileReference; lastKnownFileType = wrapper.framework; name = Foundation.framework; path = System/Library/Frameworks/Foundation.framework; sourceTree = SDKROOT; };
		6FBD849A1901A35400DEA253 /* CoreGraphics.framework */ = {isa = PBXFileReference; lastKnownFileType = wrapper.framework; name = CoreGraphics.framework; path = System/Library/Frameworks/CoreGraphics.framework; sourceTree = SDKROOT; };
		6FBD849C1901A35400DEA253 /* UIKit.framework */ = {isa = PBXFileReference; lastKnownFileType = wrapper.framework; name = UIKit.framework; path = System/Library/Frameworks/UIKit.framework; sourceTree = SDKROOT; };
		6FBD84A01901A35400DEA253 /* MapSample-Info.plist */ = {isa = PBXFileReference; lastKnownFileType = text.plist.xml; path = "MapSample-Info.plist"; sourceTree = "<group>"; };
		6FBD84A21901A35400DEA253 /* en */ = {isa = PBXFileReference; lastKnownFileType = text.plist.strings; name = en; path = en.lproj/InfoPlist.strings; sourceTree = "<group>"; };
		6FBD84A41901A35400DEA253 /* main.m */ = {isa = PBXFileReference; lastKnownFileType = sourcecode.c.objc; path = main.m; sourceTree = "<group>"; };
		6FBD84A61901A35400DEA253 /* MapSample-Prefix.pch */ = {isa = PBXFileReference; lastKnownFileType = sourcecode.c.h; path = "MapSample-Prefix.pch"; sourceTree = "<group>"; };
		6FBD84A71901A35400DEA253 /* AppDelegate.h */ = {isa = PBXFileReference; lastKnownFileType = sourcecode.c.h; path = AppDelegate.h; sourceTree = "<group>"; };
		6FBD84A81901A35400DEA253 /* AppDelegate.m */ = {isa = PBXFileReference; lastKnownFileType = sourcecode.c.objc; path = AppDelegate.m; sourceTree = "<group>"; };
		6FBD84AB1901A35400DEA253 /* Base */ = {isa = PBXFileReference; lastKnownFileType = file.storyboard; name = Base; path = Base.lproj/Main.storyboard; sourceTree = "<group>"; };
		6FBD84AD1901A35400DEA253 /* ViewController.h */ = {isa = PBXFileReference; lastKnownFileType = sourcecode.c.h; path = ViewController.h; sourceTree = "<group>"; };
		6FBD84AE1901A35400DEA253 /* ViewController.m */ = {isa = PBXFileReference; lastKnownFileType = sourcecode.c.objc; path = ViewController.m; sourceTree = "<group>"; };
		6FBD84B01901A35400DEA253 /* Images.xcassets */ = {isa = PBXFileReference; lastKnownFileType = folder.assetcatalog; path = Images.xcassets; sourceTree = "<group>"; };
		6FBD84B61901A35400DEA253 /* MapSampleTests.xctest */ = {isa = PBXFileReference; explicitFileType = wrapper.cfbundle; includeInIndex = 0; path = MapSampleTests.xctest; sourceTree = BUILT_PRODUCTS_DIR; };
		6FBD84B71901A35400DEA253 /* XCTest.framework */ = {isa = PBXFileReference; lastKnownFileType = wrapper.framework; name = XCTest.framework; path = Library/Frameworks/XCTest.framework; sourceTree = DEVELOPER_DIR; };
		6FBD84BF1901A35400DEA253 /* MapSampleTests-Info.plist */ = {isa = PBXFileReference; lastKnownFileType = text.plist.xml; path = "MapSampleTests-Info.plist"; sourceTree = "<group>"; };
		6FBD84C11901A35400DEA253 /* en */ = {isa = PBXFileReference; lastKnownFileType = text.plist.strings; name = en; path = en.lproj/InfoPlist.strings; sourceTree = "<group>"; };
		6FBD84C31901A35400DEA253 /* MapSampleTests.m */ = {isa = PBXFileReference; lastKnownFileType = sourcecode.c.objc; path = MapSampleTests.m; sourceTree = "<group>"; };
		6FBD84D51901B08100DEA253 /* MapKit.framework */ = {isa = PBXFileReference; lastKnownFileType = wrapper.framework; name = MapKit.framework; path = System/Library/Frameworks/MapKit.framework; sourceTree = SDKROOT; };
		6FBD84D71901E89C00DEA253 /* ResultsTableViewController.h */ = {isa = PBXFileReference; fileEncoding = 4; lastKnownFileType = sourcecode.c.h; path = ResultsTableViewController.h; sourceTree = "<group>"; };
		6FBD84D81901E89C00DEA253 /* ResultsTableViewController.m */ = {isa = PBXFileReference; fileEncoding = 4; lastKnownFileType = sourcecode.c.objc; path = ResultsTableViewController.m; sourceTree = "<group>"; };
		6FBD84DA1901E8D500DEA253 /* ResultsTableCell.h */ = {isa = PBXFileReference; fileEncoding = 4; lastKnownFileType = sourcecode.c.h; path = ResultsTableCell.h; sourceTree = "<group>"; };
		6FBD84DB1901E8D500DEA253 /* ResultsTableCell.m */ = {isa = PBXFileReference; fileEncoding = 4; lastKnownFileType = sourcecode.c.objc; path = ResultsTableCell.m; sourceTree = "<group>"; };
		6FBD84DD1901EF1600DEA253 /* RouteViewController.h */ = {isa = PBXFileReference; fileEncoding = 4; lastKnownFileType = sourcecode.c.h; path = RouteViewController.h; sourceTree = "<group>"; };
		6FBD84DE1901EF1600DEA253 /* RouteViewController.m */ = {isa = PBXFileReference; fileEncoding = 4; lastKnownFileType = sourcecode.c.objc; path = RouteViewController.m; sourceTree = "<group>"; };
/* End PBXFileReference section */

/* Begin PBXFrameworksBuildPhase section */
		6FBD84921901A35400DEA253 /* Frameworks */ = {
			isa = PBXFrameworksBuildPhase;
			buildActionMask = 2147483647;
			files = (
				6FBD84D61901B08100DEA253 /* MapKit.framework in Frameworks */,
				6FBD849B1901A35400DEA253 /* CoreGraphics.framework in Frameworks */,
				6FBD849D1901A35400DEA253 /* UIKit.framework in Frameworks */,
				6FBD84991901A35400DEA253 /* Foundation.framework in Frameworks */,
			);
			runOnlyForDeploymentPostprocessing = 0;
		};
		6FBD84B31901A35400DEA253 /* Frameworks */ = {
			isa = PBXFrameworksBuildPhase;
			buildActionMask = 2147483647;
			files = (
				6FBD84B81901A35400DEA253 /* XCTest.framework in Frameworks */,
				6FBD84BA1901A35400DEA253 /* UIKit.framework in Frameworks */,
				6FBD84B91901A35400DEA253 /* Foundation.framework in Frameworks */,
			);
			runOnlyForDeploymentPostprocessing = 0;
		};
/* End PBXFrameworksBuildPhase section */

/* Begin PBXGroup section */
		6FBD848C1901A35400DEA253 = {
			isa = PBXGroup;
			children = (
				6FBD849E1901A35400DEA253 /* MapSample */,
				6FBD84BD1901A35400DEA253 /* MapSampleTests */,
				6FBD84971901A35400DEA253 /* Frameworks */,
				6FBD84961901A35400DEA253 /* Products */,
			);
			sourceTree = "<group>";
		};
		6FBD84961901A35400DEA253 /* Products */ = {
			isa = PBXGroup;
			children = (
				6FBD84951901A35400DEA253 /* MapSample.app */,
				6FBD84B61901A35400DEA253 /* MapSampleTests.xctest */,
			);
			name = Products;
			sourceTree = "<group>";
		};
		6FBD84971901A35400DEA253 /* Frameworks */ = {
			isa = PBXGroup;
			children = (
				6FBD84D51901B08100DEA253 /* MapKit.framework */,
				6FBD84981901A35400DEA253 /* Foundation.framework */,
				6FBD849A1901A35400DEA253 /* CoreGraphics.framework */,
				6FBD849C1901A35400DEA253 /* UIKit.framework */,
				6FBD84B71901A35400DEA253 /* XCTest.framework */,
			);
			name = Frameworks;
			sourceTree = "<group>";
		};
		6FBD849E1901A35400DEA253 /* MapSample */ = {
			isa = PBXGroup;
			children = (
				6FBD84A71901A35400DEA253 /* AppDelegate.h */,
				6FBD84A81901A35400DEA253 /* AppDelegate.m */,
				6FBD84AA1901A35400DEA253 /* Main.storyboard */,
				6FBD84DD1901EF1600DEA253 /* RouteViewController.h */,
				6FBD84DE1901EF1600DEA253 /* RouteViewController.m */,
				6FBD84AD1901A35400DEA253 /* ViewController.h */,
				6FBD84AE1901A35400DEA253 /* ViewController.m */,
				6FBD84D71901E89C00DEA253 /* ResultsTableViewController.h */,
				6FBD84D81901E89C00DEA253 /* ResultsTableViewController.m */,
				6FBD84DA1901E8D500DEA253 /* ResultsTableCell.h */,
				6FBD84DB1901E8D500DEA253 /* ResultsTableCell.m */,
				6FBD84B01901A35400DEA253 /* Images.xcassets */,
				6FBD849F1901A35400DEA253 /* Supporting Files */,
			);
			path = MapSample;
			sourceTree = "<group>";
		};
		6FBD849F1901A35400DEA253 /* Supporting Files */ = {
			isa = PBXGroup;
			children = (
				6FBD84A01901A35400DEA253 /* MapSample-Info.plist */,
				6FBD84A11901A35400DEA253 /* InfoPlist.strings */,
				6FBD84A41901A35400DEA253 /* main.m */,
				6FBD84A61901A35400DEA253 /* MapSample-Prefix.pch */,
			);
			name = "Supporting Files";
			sourceTree = "<group>";
		};
		6FBD84BD1901A35400DEA253 /* MapSampleTests */ = {
			isa = PBXGroup;
			children = (
				6FBD84C31901A35400DEA253 /* MapSampleTests.m */,
				6FBD84BE1901A35400DEA253 /* Supporting Files */,
			);
			path = MapSampleTests;
			sourceTree = "<group>";
		};
		6FBD84BE1901A35400DEA253 /* Supporting Files */ = {
			isa = PBXGroup;
			children = (
				6FBD84BF1901A35400DEA253 /* MapSampleTests-Info.plist */,
				6FBD84C01901A35400DEA253 /* InfoPlist.strings */,
			);
			name = "Supporting Files";
			sourceTree = "<group>";
		};
/* End PBXGroup section */

/* Begin PBXNativeTarget section */
		6FBD84941901A35400DEA253 /* MapSample */ = {
			isa = PBXNativeTarget;
			buildConfigurationList = 6FBD84C71901A35400DEA253 /* Build configuration list for PBXNativeTarget "MapSample" */;
			buildPhases = (
				6FBD84911901A35400DEA253 /* Sources */,
				6FBD84921901A35400DEA253 /* Frameworks */,
				6FBD84931901A35400DEA253 /* Resources */,
			);
			buildRules = (
			);
			dependencies = (
			);
			name = MapSample;
			productName = MapSample;
			productReference = 6FBD84951901A35400DEA253 /* MapSample.app */;
			productType = "com.apple.product-type.application";
		};
		6FBD84B51901A35400DEA253 /* MapSampleTests */ = {
			isa = PBXNativeTarget;
			buildConfigurationList = 6FBD84CA1901A35400DEA253 /* Build configuration list for PBXNativeTarget "MapSampleTests" */;
			buildPhases = (
				6FBD84B21901A35400DEA253 /* Sources */,
				6FBD84B31901A35400DEA253 /* Frameworks */,
				6FBD84B41901A35400DEA253 /* Resources */,
			);
			buildRules = (
			);
			dependencies = (
				6FBD84BC1901A35400DEA253 /* PBXTargetDependency */,
			);
			name = MapSampleTests;
			productName = MapSampleTests;
			productReference = 6FBD84B61901A35400DEA253 /* MapSampleTests.xctest */;
			productType = "com.apple.product-type.bundle.unit-test";
		};
/* End PBXNativeTarget section */

/* Begin PBXProject section */
		6FBD848D1901A35400DEA253 /* Project object */ = {
			isa = PBXProject;
			attributes = {
				LastUpgradeCheck = 0510;
				ORGANIZATIONNAME = "Jaime Hernandez";
				TargetAttributes = {
					6FBD84B51901A35400DEA253 = {
						TestTargetID = 6FBD84941901A35400DEA253;
					};
				};
			};
			buildConfigurationList = 6FBD84901901A35400DEA253 /* Build configuration list for PBXProject "MapSample" */;
			compatibilityVersion = "Xcode 3.2";
			developmentRegion = English;
			hasScannedForEncodings = 0;
			knownRegions = (
				en,
				Base,
			);
			mainGroup = 6FBD848C1901A35400DEA253;
			productRefGroup = 6FBD84961901A35400DEA253 /* Products */;
			projectDirPath = "";
			projectRoot = "";
			targets = (
				6FBD84941901A35400DEA253 /* MapSample */,
				6FBD84B51901A35400DEA253 /* MapSampleTests */,
			);
		};
/* End PBXProject section */

/* Begin PBXResourcesBuildPhase section */
		6FBD84931901A35400DEA253 /* Resources */ = {
			isa = PBXResourcesBuildPhase;
			buildActionMask = 2147483647;
			files = (
				6FBD84B11901A35400DEA253 /* Images.xcassets in Resources */,
				6FBD84A31901A35400DEA253 /* InfoPlist.strings in Resources */,
				6FBD84AC1901A35400DEA253 /* Main.storyboard in Resources */,
			);
			runOnlyForDeploymentPostprocessing = 0;
		};
		6FBD84B41901A35400DEA253 /* Resources */ = {
			isa = PBXResourcesBuildPhase;
			buildActionMask = 2147483647;
			files = (
				6FBD84C21901A35400DEA253 /* InfoPlist.strings in Resources */,
			);
			runOnlyForDeploymentPostprocessing = 0;
		};
/* End PBXResourcesBuildPhase section */

/* Begin PBXSourcesBuildPhase section */
		6FBD84911901A35400DEA253 /* Sources */ = {
			isa = PBXSourcesBuildPhase;
			buildActionMask = 2147483647;
			files = (
				6FBD84DC1901E8D500DEA253 /* ResultsTableCell.m in Sources */,
				6FBD84D91901E89C00DEA253 /* ResultsTableViewController.m in Sources */,
				6FBD84DF1901EF1600DEA253 /* RouteViewController.m in Sources */,
				6FBD84AF1901A35400DEA253 /* ViewController.m in Sources */,
				6FBD84A91901A35400DEA253 /* AppDelegate.m in Sources */,
				6FBD84A51901A35400DEA253 /* main.m in Sources */,
			);
			runOnlyForDeploymentPostprocessing = 0;
		};
		6FBD84B21901A35400DEA253 /* Sources */ = {
			isa = PBXSourcesBuildPhase;
			buildActionMask = 2147483647;
			files = (
				6FBD84C41901A35400DEA253 /* MapSampleTests.m in Sources */,
			);
			runOnlyForDeploymentPostprocessing = 0;
		};
/* End PBXSourcesBuildPhase section */

/* Begin PBXTargetDependency section */
		6FBD84BC1901A35400DEA253 /* PBXTargetDependency */ = {
			isa = PBXTargetDependency;
			target = 6FBD84941901A35400DEA253 /* MapSample */;
			targetProxy = 6FBD84BB1901A35400DEA253 /* PBXContainerItemProxy */;
		};
/* End PBXTargetDependency section */

/* Begin PBXVariantGroup section */
		6FBD84A11901A35400DEA253 /* InfoPlist.strings */ = {
			isa = PBXVariantGroup;
			children = (
				6FBD84A21901A35400DEA253 /* en */,
			);
			name = InfoPlist.strings;
			sourceTree = "<group>";
		};
		6FBD84AA1901A35400DEA253 /* Main.storyboard */ = {
			isa = PBXVariantGroup;
			children = (
				6FBD84AB1901A35400DEA253 /* Base */,
			);
			name = Main.storyboard;
			sourceTree = "<group>";
		};
		6FBD84C01901A35400DEA253 /* InfoPlist.strings */ = {
			isa = PBXVariantGroup;
			children = (
				6FBD84C11901A35400DEA253 /* en */,
			);
			name = InfoPlist.strings;
			sourceTree = "<group>";
		};
/* End PBXVariantGroup section */

/* Begin XCBuildConfiguration section */
		6FBD84C51901A35400DEA253 /* Debug */ = {
			isa = XCBuildConfiguration;
			buildSettings = {
				ALWAYS_SEARCH_USER_PATHS = NO;
				CLANG_CXX_LANGUAGE_STANDARD = "gnu++0x";
				CLANG_CXX_LIBRARY = "libc++";
				CLANG_ENABLE_MODULES = YES;
				CLANG_ENABLE_OBJC_ARC = YES;
				CLANG_WARN_BOOL_CONVERSION = YES;
				CLANG_WARN_CONSTANT_CONVERSION = YES;
				CLANG_WARN_DIRECT_OBJC_ISA_USAGE = YES_ERROR;
				CLANG_WARN_EMPTY_BODY = YES;
				CLANG_WARN_ENUM_CONVERSION = YES;
				CLANG_WARN_INT_CONVERSION = YES;
				CLANG_WARN_OBJC_ROOT_CLASS = YES_ERROR;
				CLANG_WARN__DUPLICATE_METHOD_MATCH = YES;
				"CODE_SIGN_IDENTITY[sdk=iphoneos*]" = "iPhone Developer";
				COPY_PHASE_STRIP = NO;
				GCC_C_LANGUAGE_STANDARD = gnu99;
				GCC_DYNAMIC_NO_PIC = NO;
				GCC_OPTIMIZATION_LEVEL = 0;
				GCC_PREPROCESSOR_DEFINITIONS = (
					"DEBUG=1",
					"$(inherited)",
				);
				GCC_SYMBOLS_PRIVATE_EXTERN = NO;
				GCC_WARN_64_TO_32_BIT_CONVERSION = YES;
				GCC_WARN_ABOUT_RETURN_TYPE = YES_ERROR;
				GCC_WARN_UNDECLARED_SELECTOR = YES;
				GCC_WARN_UNINITIALIZED_AUTOS = YES_AGGRESSIVE;
				GCC_WARN_UNUSED_FUNCTION = YES;
				GCC_WARN_UNUSED_VARIABLE = YES;
				IPHONEOS_DEPLOYMENT_TARGET = 7.1;
				ONLY_ACTIVE_ARCH = YES;
				SDKROOT = iphoneos;
			};
			name = Debug;
		};
		6FBD84C61901A35400DEA253 /* Release */ = {
			isa = XCBuildConfiguration;
			buildSettings = {
				ALWAYS_SEARCH_USER_PATHS = NO;
				CLANG_CXX_LANGUAGE_STANDARD = "gnu++0x";
				CLANG_CXX_LIBRARY = "libc++";
				CLANG_ENABLE_MODULES = YES;
				CLANG_ENABLE_OBJC_ARC = YES;
				CLANG_WARN_BOOL_CONVERSION = YES;
				CLANG_WARN_CONSTANT_CONVERSION = YES;
				CLANG_WARN_DIRECT_OBJC_ISA_USAGE = YES_ERROR;
				CLANG_WARN_EMPTY_BODY = YES;
				CLANG_WARN_ENUM_CONVERSION = YES;
				CLANG_WARN_INT_CONVERSION = YES;
				CLANG_WARN_OBJC_ROOT_CLASS = YES_ERROR;
				CLANG_WARN__DUPLICATE_METHOD_MATCH = YES;
				"CODE_SIGN_IDENTITY[sdk=iphoneos*]" = "iPhone Developer";
				COPY_PHASE_STRIP = YES;
				ENABLE_NS_ASSERTIONS = NO;
				GCC_C_LANGUAGE_STANDARD = gnu99;
				GCC_WARN_64_TO_32_BIT_CONVERSION = YES;
				GCC_WARN_ABOUT_RETURN_TYPE = YES_ERROR;
				GCC_WARN_UNDECLARED_SELECTOR = YES;
				GCC_WARN_UNINITIALIZED_AUTOS = YES_AGGRESSIVE;
				GCC_WARN_UNUSED_FUNCTION = YES;
				GCC_WARN_UNUSED_VARIABLE = YES;
				IPHONEOS_DEPLOYMENT_TARGET = 7.1;
				SDKROOT = iphoneos;
				VALIDATE_PRODUCT = YES;
			};
			name = Release;
		};
		6FBD84C81901A35400DEA253 /* Debug */ = {
			isa = XCBuildConfiguration;
			buildSettings = {
				ASSETCATALOG_COMPILER_APPICON_NAME = AppIcon;
				ASSETCATALOG_COMPILER_LAUNCHIMAGE_NAME = LaunchImage;
				GCC_PRECOMPILE_PREFIX_HEADER = YES;
				GCC_PREFIX_HEADER = "MapSample/MapSample-Prefix.pch";
				INFOPLIST_FILE = "MapSample/MapSample-Info.plist";
				PRODUCT_NAME = "$(TARGET_NAME)";
				WRAPPER_EXTENSION = app;
			};
			name = Debug;
		};
		6FBD84C91901A35400DEA253 /* Release */ = {
			isa = XCBuildConfiguration;
			buildSettings = {
				ASSETCATALOG_COMPILER_APPICON_NAME = AppIcon;
				ASSETCATALOG_COMPILER_LAUNCHIMAGE_NAME = LaunchImage;
				GCC_PRECOMPILE_PREFIX_HEADER = YES;
				GCC_PREFIX_HEADER = "MapSample/MapSample-Prefix.pch";
				INFOPLIST_FILE = "MapSample/MapSample-Info.plist";
				PRODUCT_NAME = "$(TARGET_NAME)";
				WRAPPER_EXTENSION = app;
			};
			name = Release;
		};
		6FBD84CB1901A35400DEA253 /* Debug */ = {
			isa = XCBuildConfiguration;
			buildSettings = {
				BUNDLE_LOADER = "$(BUILT_PRODUCTS_DIR)/MapSample.app/MapSample";
				FRAMEWORK_SEARCH_PATHS = (
					"$(SDKROOT)/Developer/Library/Frameworks",
					"$(inherited)",
					"$(DEVELOPER_FRAMEWORKS_DIR)",
				);
				GCC_PRECOMPILE_PREFIX_HEADER = YES;
				GCC_PREFIX_HEADER = "MapSample/MapSample-Prefix.pch";
				GCC_PREPROCESSOR_DEFINITIONS = (
					"DEBUG=1",
					"$(inherited)",
				);
				INFOPLIST_FILE = "MapSampleTests/MapSampleTests-Info.plist";
				PRODUCT_NAME = "$(TARGET_NAME)";
				TEST_HOST = "$(BUNDLE_LOADER)";
				WRAPPER_EXTENSION = xctest;
			};
			name = Debug;
		};
		6FBD84CC1901A35400DEA253 /* Release */ = {
			isa = XCBuildConfiguration;
			buildSettings = {
				BUNDLE_LOADER = "$(BUILT_PRODUCTS_DIR)/MapSample.app/MapSample";
				FRAMEWORK_SEARCH_PATHS = (
					"$(SDKROOT)/Developer/Library/Frameworks",
					"$(inherited)",
					"$(DEVELOPER_FRAMEWORKS_DIR)",
				);
				GCC_PRECOMPILE_PREFIX_HEADER = YES;
				GCC_PREFIX_HEADER = "MapSample/MapSample-Prefix.pch";
				INFOPLIST_FILE = "MapSampleTests/MapSampleTests-Info.plist";
				PRODUCT_NAME = "$(TARGET_NAME)";
				TEST_HOST = "$(BUNDLE_LOADER)";
				WRAPPER_EXTENSION = xctest;
			};
			name = Release;
		};
/* End XCBuildConfiguration section */

/* Begin XCConfigurationList section */
		6FBD84901901A35400DEA253 /* Build configuration list for PBXProject "MapSample" */ = {
			isa = XCConfigurationList;
			buildConfigurations = (
				6FBD84C51901A35400DEA253 /* Debug */,
				6FBD84C61901A35400DEA253 /* Release */,
			);
			defaultConfigurationIsVisible = 0;
			defaultConfigurationName = Release;
		};
		6FBD84C71901A35400DEA253 /* Build configuration list for PBXNativeTarget "MapSample" */ = {
			isa = XCConfigurationList;
			buildConfigurations = (
				6FBD84C81901A35400DEA253 /* Debug */,
				6FBD84C91901A35400DEA253 /* Release */,
			);
			defaultConfigurationIsVisible = 0;
			defaultConfigurationName = Release;
		};
		6FBD84CA1901A35400DEA253 /* Build configuration list for PBXNativeTarget "MapSampleTests" */ = {
			isa = XCConfigurationList;
			buildConfigurations = (
				6FBD84CB1901A35400DEA253 /* Debug */,
				6FBD84CC1901A35400DEA253 /* Release */,
			);
			defaultConfigurationIsVisible = 0;
			defaultConfigurationName = Release;
		};
/* End XCConfigurationList section */
	};
	rootObject = 6FBD848D1901A35400DEA253 /* Project object */;
}
